
Microsoft Visual Studio Solution File, Format Version 12.00
# Visual Studio 2013
VisualStudioVersion = 12.0.21005.1
MinimumVisualStudioVersion = 10.0.40219.1
Project("{2150E333-8FDC-42A3-9474-1A3956D46DE8}") = "Plugins", "Plugins", "{9EDBAA9B-7C45-493F-9147-6A40D35DC3C2}"
EndProject
Project("{FAE04EC0-301F-11D3-BF4B-00C04F79EFBC}") = "SpeechPlugin", "Plugins\SpeechPlugin\SpeechPlugin.csproj", "{4F2A0218-0AF4-4EBA-BC2D-E982DBE37E66}"
EndProject
Project("{FAE04EC0-301F-11D3-BF4B-00C04F79EFBC}") = "LightSwitchPlugin", "Plugins\LightSwitchPlugin\LightSwitchPlugin.csproj", "{F9F697BB-3589-4FED-8E15-F15D16D56C91}"
EndProject
Project("{FAE04EC0-301F-11D3-BF4B-00C04F79EFBC}") = "NOAAPlugin", "Plugins\NOAAPlugin\NOAAPlugin.csproj", "{87DAEF88-428E-4BCA-8DFC-56889C7C30A7}"
EndProject
Project("{FAE04EC0-301F-11D3-BF4B-00C04F79EFBC}") = "HttpAPI", "Plugins\HttpAPI\HttpAPI.csproj", "{F8B3CD45-0712-4388-B576-EBA5267E636C}"
EndProject
Project("{2150E333-8FDC-42A3-9474-1A3956D46DE8}") = "Googlewiki", "Googlewiki", "{70C1BD75-B8D8-4296-99BC-12E162C43D04}"
	ProjectSection(SolutionItems) = preProject
		..\wiki\Requirements1x.wiki = ..\wiki\Requirements1x.wiki
		..\wiki\Requirements2x.wiki = ..\wiki\Requirements2x.wiki
		..\wiki\Requirements3x.wiki = ..\wiki\Requirements3x.wiki
		..\wiki\ScreenShot20.wiki = ..\wiki\ScreenShot20.wiki
		..\wiki\ScreenShots1420.wiki = ..\wiki\ScreenShots1420.wiki
		..\wiki\ScreenShotsv1300.wiki = ..\wiki\ScreenShotsv1300.wiki
		..\wiki\ScreenShotsv1400.wiki = ..\wiki\ScreenShotsv1400.wiki
		..\wiki\v2ToDo.wiki = ..\wiki\v2ToDo.wiki
		..\wiki\XML_Socket_Interface.wiki = ..\wiki\XML_Socket_Interface.wiki
		..\wiki\zVirtualScenes2xReleaseNotes.wiki = ..\wiki\zVirtualScenes2xReleaseNotes.wiki
		..\wiki\zVirtualScenes3xReleaseNotes.wiki = ..\wiki\zVirtualScenes3xReleaseNotes.wiki
		..\wiki\ZVS_Plugins.wiki = ..\wiki\ZVS_Plugins.wiki
	EndProjectSection
EndProject
Project("{FAE04EC0-301F-11D3-BF4B-00C04F79EFBC}") = "zvs.Entities", "zvs.Entities\zvs.Entities.csproj", "{E1758D0B-5A3A-4A1B-B5DE-ACD1302F23A7}"
EndProject
Project("{FAE04EC0-301F-11D3-BF4B-00C04F79EFBC}") = "zvs.WPF", "zvs.WPF\zvs.WPF.csproj", "{CC1028B3-3975-4BA4-BF79-42043BCADBFE}"
EndProject
Project("{FAE04EC0-301F-11D3-BF4B-00C04F79EFBC}") = "zvs.Processor", "zvs.Processor\zvs.Processor.csproj", "{10CD1DE3-4E83-4BB0-A7CA-C774C298BE27}"
EndProject
Project("{FAE04EC0-301F-11D3-BF4B-00C04F79EFBC}") = "zvs", "zvs\zvs.csproj", "{26F2B6C6-0325-415C-BB0F-314C69F44D5A}"
EndProject
Project("{2150E333-8FDC-42A3-9474-1A3956D46DE8}") = "Adapters", "Adapters", "{505C4DBB-763D-488B-9CA7-BED1AC34966C}"
EndProject
Project("{FAE04EC0-301F-11D3-BF4B-00C04F79EFBC}") = "OpenZWave Adapter for ZVS", "Adapters\OpenZWave\OpenZWave Adapter for ZVS.csproj", "{0A43D202-F903-44C8-83E3-03A3928E9480}"
EndProject
Project("{FAE04EC0-301F-11D3-BF4B-00C04F79EFBC}") = "WebAPI Plugin", "Plugins\WebAPI Plugin\WebAPI Plugin.csproj", "{8C60A6A0-DF52-436F-AC6C-4F113B0DBF32}"
EndProject
Project("{FAE04EC0-301F-11D3-BF4B-00C04F79EFBC}") = "SmartPhonePlugin", "Plugins\SmartPhonePlugin\SmartPhonePlugin.csproj", "{6C556723-B1E4-4A51-93A7-A49BFE179B3D}"
EndProject
Project("{FAE04EC0-301F-11D3-BF4B-00C04F79EFBC}") = "zvs.Processor.Tests", "zvs.Processor.Tests\zvs.Processor.Tests.csproj", "{4A09CCBA-9754-4841-8D17-7F3C2B471B98}"
EndProject
Global
	GlobalSection(SolutionConfigurationPlatforms) = preSolution
		Debug|Any CPU = Debug|Any CPU
		Debug|Mixed Platforms = Debug|Mixed Platforms
		Debug|Win32 = Debug|Win32
		Debug|x64 = Debug|x64
		Debug|x86 = Debug|x86
		Release|Any CPU = Release|Any CPU
		Release|Mixed Platforms = Release|Mixed Platforms
		Release|Win32 = Release|Win32
		Release|x64 = Release|x64
		Release|x86 = Release|x86
	EndGlobalSection
	GlobalSection(ProjectConfigurationPlatforms) = postSolution
		{4F2A0218-0AF4-4EBA-BC2D-E982DBE37E66}.Debug|Any CPU.ActiveCfg = Debug|Any CPU
		{4F2A0218-0AF4-4EBA-BC2D-E982DBE37E66}.Debug|Any CPU.Build.0 = Debug|Any CPU
		{4F2A0218-0AF4-4EBA-BC2D-E982DBE37E66}.Debug|Mixed Platforms.ActiveCfg = Debug|Any CPU
		{4F2A0218-0AF4-4EBA-BC2D-E982DBE37E66}.Debug|Mixed Platforms.Build.0 = Debug|Any CPU
		{4F2A0218-0AF4-4EBA-BC2D-E982DBE37E66}.Debug|Win32.ActiveCfg = Debug|Any CPU
		{4F2A0218-0AF4-4EBA-BC2D-E982DBE37E66}.Debug|x64.ActiveCfg = Debug|Any CPU
		{4F2A0218-0AF4-4EBA-BC2D-E982DBE37E66}.Debug|x86.ActiveCfg = Debug|Any CPU
		{4F2A0218-0AF4-4EBA-BC2D-E982DBE37E66}.Release|Any CPU.ActiveCfg = Release|Any CPU
		{4F2A0218-0AF4-4EBA-BC2D-E982DBE37E66}.Release|Any CPU.Build.0 = Release|Any CPU
		{4F2A0218-0AF4-4EBA-BC2D-E982DBE37E66}.Release|Mixed Platforms.ActiveCfg = Release|Any CPU
		{4F2A0218-0AF4-4EBA-BC2D-E982DBE37E66}.Release|Mixed Platforms.Build.0 = Release|Any CPU
		{4F2A0218-0AF4-4EBA-BC2D-E982DBE37E66}.Release|Win32.ActiveCfg = Release|Any CPU
		{4F2A0218-0AF4-4EBA-BC2D-E982DBE37E66}.Release|x64.ActiveCfg = Release|Any CPU
		{4F2A0218-0AF4-4EBA-BC2D-E982DBE37E66}.Release|x86.ActiveCfg = Release|Any CPU
		{F9F697BB-3589-4FED-8E15-F15D16D56C91}.Debug|Any CPU.ActiveCfg = Debug|Any CPU
		{F9F697BB-3589-4FED-8E15-F15D16D56C91}.Debug|Any CPU.Build.0 = Debug|Any CPU
		{F9F697BB-3589-4FED-8E15-F15D16D56C91}.Debug|Mixed Platforms.ActiveCfg = Debug|Any CPU
		{F9F697BB-3589-4FED-8E15-F15D16D56C91}.Debug|Mixed Platforms.Build.0 = Debug|Any CPU
		{F9F697BB-3589-4FED-8E15-F15D16D56C91}.Debug|Win32.ActiveCfg = Debug|Any CPU
		{F9F697BB-3589-4FED-8E15-F15D16D56C91}.Debug|x64.ActiveCfg = Debug|Any CPU
		{F9F697BB-3589-4FED-8E15-F15D16D56C91}.Debug|x86.ActiveCfg = Debug|Any CPU
		{F9F697BB-3589-4FED-8E15-F15D16D56C91}.Release|Any CPU.ActiveCfg = Release|Any CPU
		{F9F697BB-3589-4FED-8E15-F15D16D56C91}.Release|Any CPU.Build.0 = Release|Any CPU
		{F9F697BB-3589-4FED-8E15-F15D16D56C91}.Release|Mixed Platforms.ActiveCfg = Release|Any CPU
		{F9F697BB-3589-4FED-8E15-F15D16D56C91}.Release|Mixed Platforms.Build.0 = Release|Any CPU
		{F9F697BB-3589-4FED-8E15-F15D16D56C91}.Release|Win32.ActiveCfg = Release|Any CPU
		{F9F697BB-3589-4FED-8E15-F15D16D56C91}.Release|x64.ActiveCfg = Release|Any CPU
		{F9F697BB-3589-4FED-8E15-F15D16D56C91}.Release|x86.ActiveCfg = Release|Any CPU
		{87DAEF88-428E-4BCA-8DFC-56889C7C30A7}.Debug|Any CPU.ActiveCfg = Debug|Any CPU
		{87DAEF88-428E-4BCA-8DFC-56889C7C30A7}.Debug|Any CPU.Build.0 = Debug|Any CPU
		{87DAEF88-428E-4BCA-8DFC-56889C7C30A7}.Debug|Mixed Platforms.ActiveCfg = Debug|Any CPU
		{87DAEF88-428E-4BCA-8DFC-56889C7C30A7}.Debug|Mixed Platforms.Build.0 = Debug|Any CPU
		{87DAEF88-428E-4BCA-8DFC-56889C7C30A7}.Debug|Win32.ActiveCfg = Debug|Any CPU
		{87DAEF88-428E-4BCA-8DFC-56889C7C30A7}.Debug|x64.ActiveCfg = Debug|Any CPU
		{87DAEF88-428E-4BCA-8DFC-56889C7C30A7}.Debug|x86.ActiveCfg = Debug|Any CPU
		{87DAEF88-428E-4BCA-8DFC-56889C7C30A7}.Release|Any CPU.ActiveCfg = Release|Any CPU
		{87DAEF88-428E-4BCA-8DFC-56889C7C30A7}.Release|Any CPU.Build.0 = Release|Any CPU
		{87DAEF88-428E-4BCA-8DFC-56889C7C30A7}.Release|Mixed Platforms.ActiveCfg = Release|Any CPU
		{87DAEF88-428E-4BCA-8DFC-56889C7C30A7}.Release|Mixed Platforms.Build.0 = Release|Any CPU
		{87DAEF88-428E-4BCA-8DFC-56889C7C30A7}.Release|Win32.ActiveCfg = Release|Any CPU
		{87DAEF88-428E-4BCA-8DFC-56889C7C30A7}.Release|x64.ActiveCfg = Release|Any CPU
		{87DAEF88-428E-4BCA-8DFC-56889C7C30A7}.Release|x86.ActiveCfg = Release|Any CPU
		{F8B3CD45-0712-4388-B576-EBA5267E636C}.Debug|Any CPU.ActiveCfg = Debug|Any CPU
		{F8B3CD45-0712-4388-B576-EBA5267E636C}.Debug|Any CPU.Build.0 = Debug|Any CPU
		{F8B3CD45-0712-4388-B576-EBA5267E636C}.Debug|Mixed Platforms.ActiveCfg = Debug|Any CPU
		{F8B3CD45-0712-4388-B576-EBA5267E636C}.Debug|Mixed Platforms.Build.0 = Debug|Any CPU
		{F8B3CD45-0712-4388-B576-EBA5267E636C}.Debug|Win32.ActiveCfg = Debug|Any CPU
		{F8B3CD45-0712-4388-B576-EBA5267E636C}.Debug|x64.ActiveCfg = Debug|Any CPU
		{F8B3CD45-0712-4388-B576-EBA5267E636C}.Debug|x86.ActiveCfg = Debug|Any CPU
		{F8B3CD45-0712-4388-B576-EBA5267E636C}.Release|Any CPU.ActiveCfg = Release|Any CPU
		{F8B3CD45-0712-4388-B576-EBA5267E636C}.Release|Any CPU.Build.0 = Release|Any CPU
		{F8B3CD45-0712-4388-B576-EBA5267E636C}.Release|Mixed Platforms.ActiveCfg = Release|Any CPU
		{F8B3CD45-0712-4388-B576-EBA5267E636C}.Release|Mixed Platforms.Build.0 = Release|Any CPU
		{F8B3CD45-0712-4388-B576-EBA5267E636C}.Release|Win32.ActiveCfg = Release|Any CPU
		{F8B3CD45-0712-4388-B576-EBA5267E636C}.Release|x64.ActiveCfg = Release|Any CPU
		{F8B3CD45-0712-4388-B576-EBA5267E636C}.Release|x86.ActiveCfg = Release|Any CPU
		{E1758D0B-5A3A-4A1B-B5DE-ACD1302F23A7}.Debug|Any CPU.ActiveCfg = Debug|Any CPU
		{E1758D0B-5A3A-4A1B-B5DE-ACD1302F23A7}.Debug|Any CPU.Build.0 = Debug|Any CPU
		{E1758D0B-5A3A-4A1B-B5DE-ACD1302F23A7}.Debug|Mixed Platforms.ActiveCfg = Debug|Any CPU
		{E1758D0B-5A3A-4A1B-B5DE-ACD1302F23A7}.Debug|Mixed Platforms.Build.0 = Debug|Any CPU
		{E1758D0B-5A3A-4A1B-B5DE-ACD1302F23A7}.Debug|Win32.ActiveCfg = Debug|Any CPU
		{E1758D0B-5A3A-4A1B-B5DE-ACD1302F23A7}.Debug|x64.ActiveCfg = Debug|Any CPU
		{E1758D0B-5A3A-4A1B-B5DE-ACD1302F23A7}.Debug|x86.ActiveCfg = Debug|Any CPU
		{E1758D0B-5A3A-4A1B-B5DE-ACD1302F23A7}.Release|Any CPU.ActiveCfg = Release|Any CPU
		{E1758D0B-5A3A-4A1B-B5DE-ACD1302F23A7}.Release|Any CPU.Build.0 = Release|Any CPU
		{E1758D0B-5A3A-4A1B-B5DE-ACD1302F23A7}.Release|Mixed Platforms.ActiveCfg = Release|Any CPU
		{E1758D0B-5A3A-4A1B-B5DE-ACD1302F23A7}.Release|Mixed Platforms.Build.0 = Release|Any CPU
		{E1758D0B-5A3A-4A1B-B5DE-ACD1302F23A7}.Release|Win32.ActiveCfg = Release|Any CPU
		{E1758D0B-5A3A-4A1B-B5DE-ACD1302F23A7}.Release|x64.ActiveCfg = Release|Any CPU
		{E1758D0B-5A3A-4A1B-B5DE-ACD1302F23A7}.Release|x86.ActiveCfg = Release|Any CPU
		{CC1028B3-3975-4BA4-BF79-42043BCADBFE}.Debug|Any CPU.ActiveCfg = Debug|x86
		{CC1028B3-3975-4BA4-BF79-42043BCADBFE}.Debug|Mixed Platforms.ActiveCfg = Debug|x86
		{CC1028B3-3975-4BA4-BF79-42043BCADBFE}.Debug|Mixed Platforms.Build.0 = Debug|x86
		{CC1028B3-3975-4BA4-BF79-42043BCADBFE}.Debug|Win32.ActiveCfg = Debug|x86
		{CC1028B3-3975-4BA4-BF79-42043BCADBFE}.Debug|Win32.Build.0 = Debug|x86
		{CC1028B3-3975-4BA4-BF79-42043BCADBFE}.Debug|x64.ActiveCfg = Debug|x86
		{CC1028B3-3975-4BA4-BF79-42043BCADBFE}.Debug|x86.ActiveCfg = Debug|x86
		{CC1028B3-3975-4BA4-BF79-42043BCADBFE}.Debug|x86.Build.0 = Debug|x86
		{CC1028B3-3975-4BA4-BF79-42043BCADBFE}.Release|Any CPU.ActiveCfg = Release|x86
		{CC1028B3-3975-4BA4-BF79-42043BCADBFE}.Release|Mixed Platforms.ActiveCfg = Release|x86
		{CC1028B3-3975-4BA4-BF79-42043BCADBFE}.Release|Mixed Platforms.Build.0 = Release|x86
		{CC1028B3-3975-4BA4-BF79-42043BCADBFE}.Release|Win32.ActiveCfg = Release|x86
		{CC1028B3-3975-4BA4-BF79-42043BCADBFE}.Release|Win32.Build.0 = Release|x86
		{CC1028B3-3975-4BA4-BF79-42043BCADBFE}.Release|x64.ActiveCfg = Release|x86
		{CC1028B3-3975-4BA4-BF79-42043BCADBFE}.Release|x86.ActiveCfg = Release|x86
		{CC1028B3-3975-4BA4-BF79-42043BCADBFE}.Release|x86.Build.0 = Release|x86
		{10CD1DE3-4E83-4BB0-A7CA-C774C298BE27}.Debug|Any CPU.ActiveCfg = Debug|Any CPU
		{10CD1DE3-4E83-4BB0-A7CA-C774C298BE27}.Debug|Any CPU.Build.0 = Debug|Any CPU
		{10CD1DE3-4E83-4BB0-A7CA-C774C298BE27}.Debug|Mixed Platforms.ActiveCfg = Debug|Any CPU
		{10CD1DE3-4E83-4BB0-A7CA-C774C298BE27}.Debug|Mixed Platforms.Build.0 = Debug|Any CPU
		{10CD1DE3-4E83-4BB0-A7CA-C774C298BE27}.Debug|Win32.ActiveCfg = Debug|Any CPU
		{10CD1DE3-4E83-4BB0-A7CA-C774C298BE27}.Debug|x64.ActiveCfg = Debug|Any CPU
		{10CD1DE3-4E83-4BB0-A7CA-C774C298BE27}.Debug|x86.ActiveCfg = Debug|Any CPU
		{10CD1DE3-4E83-4BB0-A7CA-C774C298BE27}.Release|Any CPU.ActiveCfg = Release|Any CPU
		{10CD1DE3-4E83-4BB0-A7CA-C774C298BE27}.Release|Any CPU.Build.0 = Release|Any CPU
		{10CD1DE3-4E83-4BB0-A7CA-C774C298BE27}.Release|Mixed Platforms.ActiveCfg = Release|Any CPU
		{10CD1DE3-4E83-4BB0-A7CA-C774C298BE27}.Release|Mixed Platforms.Build.0 = Release|Any CPU
		{10CD1DE3-4E83-4BB0-A7CA-C774C298BE27}.Release|Win32.ActiveCfg = Release|Any CPU
		{10CD1DE3-4E83-4BB0-A7CA-C774C298BE27}.Release|x64.ActiveCfg = Release|Any CPU
		{10CD1DE3-4E83-4BB0-A7CA-C774C298BE27}.Release|x86.ActiveCfg = Release|Any CPU
		{26F2B6C6-0325-415C-BB0F-314C69F44D5A}.Debug|Any CPU.ActiveCfg = Debug|Any CPU
		{26F2B6C6-0325-415C-BB0F-314C69F44D5A}.Debug|Any CPU.Build.0 = Debug|Any CPU
		{26F2B6C6-0325-415C-BB0F-314C69F44D5A}.Debug|Mixed Platforms.ActiveCfg = Debug|Any CPU
		{26F2B6C6-0325-415C-BB0F-314C69F44D5A}.Debug|Mixed Platforms.Build.0 = Debug|Any CPU
		{26F2B6C6-0325-415C-BB0F-314C69F44D5A}.Debug|Win32.ActiveCfg = Debug|Any CPU
		{26F2B6C6-0325-415C-BB0F-314C69F44D5A}.Debug|x64.ActiveCfg = Debug|Any CPU
		{26F2B6C6-0325-415C-BB0F-314C69F44D5A}.Debug|x86.ActiveCfg = Debug|Any CPU
		{26F2B6C6-0325-415C-BB0F-314C69F44D5A}.Release|Any CPU.ActiveCfg = Release|Any CPU
		{26F2B6C6-0325-415C-BB0F-314C69F44D5A}.Release|Any CPU.Build.0 = Release|Any CPU
		{26F2B6C6-0325-415C-BB0F-314C69F44D5A}.Release|Mixed Platforms.ActiveCfg = Release|Any CPU
		{26F2B6C6-0325-415C-BB0F-314C69F44D5A}.Release|Mixed Platforms.Build.0 = Release|Any CPU
		{26F2B6C6-0325-415C-BB0F-314C69F44D5A}.Release|Win32.ActiveCfg = Release|Any CPU
		{26F2B6C6-0325-415C-BB0F-314C69F44D5A}.Release|x64.ActiveCfg = Release|Any CPU
		{26F2B6C6-0325-415C-BB0F-314C69F44D5A}.Release|x86.ActiveCfg = Release|Any CPU
		{0A43D202-F903-44C8-83E3-03A3928E9480}.Debug|Any CPU.ActiveCfg = Debug|Any CPU
		{0A43D202-F903-44C8-83E3-03A3928E9480}.Debug|Any CPU.Build.0 = Debug|Any CPU
		{0A43D202-F903-44C8-83E3-03A3928E9480}.Debug|Mixed Platforms.ActiveCfg = Debug|Any CPU
		{0A43D202-F903-44C8-83E3-03A3928E9480}.Debug|Mixed Platforms.Build.0 = Debug|Any CPU
		{0A43D202-F903-44C8-83E3-03A3928E9480}.Debug|Win32.ActiveCfg = Debug|Any CPU
		{0A43D202-F903-44C8-83E3-03A3928E9480}.Debug|x64.ActiveCfg = Debug|Any CPU
		{0A43D202-F903-44C8-83E3-03A3928E9480}.Debug|x86.ActiveCfg = Debug|Any CPU
		{0A43D202-F903-44C8-83E3-03A3928E9480}.Release|Any CPU.ActiveCfg = Release|Any CPU
		{0A43D202-F903-44C8-83E3-03A3928E9480}.Release|Any CPU.Build.0 = Release|Any CPU
		{0A43D202-F903-44C8-83E3-03A3928E9480}.Release|Mixed Platforms.ActiveCfg = Release|Any CPU
		{0A43D202-F903-44C8-83E3-03A3928E9480}.Release|Mixed Platforms.Build.0 = Release|Any CPU
		{0A43D202-F903-44C8-83E3-03A3928E9480}.Release|Win32.ActiveCfg = Release|Any CPU
		{0A43D202-F903-44C8-83E3-03A3928E9480}.Release|x64.ActiveCfg = Release|Any CPU
		{0A43D202-F903-44C8-83E3-03A3928E9480}.Release|x86.ActiveCfg = Release|Any CPU
		{8C60A6A0-DF52-436F-AC6C-4F113B0DBF32}.Debug|Any CPU.ActiveCfg = Debug|Any CPU
		{8C60A6A0-DF52-436F-AC6C-4F113B0DBF32}.Debug|Any CPU.Build.0 = Debug|Any CPU
		{8C60A6A0-DF52-436F-AC6C-4F113B0DBF32}.Debug|Mixed Platforms.ActiveCfg = Debug|Any CPU
		{8C60A6A0-DF52-436F-AC6C-4F113B0DBF32}.Debug|Mixed Platforms.Build.0 = Debug|Any CPU
		{8C60A6A0-DF52-436F-AC6C-4F113B0DBF32}.Debug|Win32.ActiveCfg = Debug|Any CPU
		{8C60A6A0-DF52-436F-AC6C-4F113B0DBF32}.Debug|x64.ActiveCfg = Debug|Any CPU
		{8C60A6A0-DF52-436F-AC6C-4F113B0DBF32}.Debug|x86.ActiveCfg = Debug|Any CPU
		{8C60A6A0-DF52-436F-AC6C-4F113B0DBF32}.Release|Any CPU.ActiveCfg = Release|Any CPU
		{8C60A6A0-DF52-436F-AC6C-4F113B0DBF32}.Release|Any CPU.Build.0 = Release|Any CPU
		{8C60A6A0-DF52-436F-AC6C-4F113B0DBF32}.Release|Mixed Platforms.ActiveCfg = Release|Any CPU
		{8C60A6A0-DF52-436F-AC6C-4F113B0DBF32}.Release|Mixed Platforms.Build.0 = Release|Any CPU
		{8C60A6A0-DF52-436F-AC6C-4F113B0DBF32}.Release|Win32.ActiveCfg = Release|Any CPU
		{8C60A6A0-DF52-436F-AC6C-4F113B0DBF32}.Release|x64.ActiveCfg = Release|Any CPU
		{8C60A6A0-DF52-436F-AC6C-4F113B0DBF32}.Release|x86.ActiveCfg = Release|Any CPU
		{6C556723-B1E4-4A51-93A7-A49BFE179B3D}.Debug|Any CPU.ActiveCfg = Debug|Any CPU
		{6C556723-B1E4-4A51-93A7-A49BFE179B3D}.Debug|Any CPU.Build.0 = Debug|Any CPU
		{6C556723-B1E4-4A51-93A7-A49BFE179B3D}.Debug|Mixed Platforms.ActiveCfg = Debug|Any CPU
		{6C556723-B1E4-4A51-93A7-A49BFE179B3D}.Debug|Mixed Platforms.Build.0 = Debug|Any CPU
		{6C556723-B1E4-4A51-93A7-A49BFE179B3D}.Debug|Win32.ActiveCfg = Debug|Any CPU
		{6C556723-B1E4-4A51-93A7-A49BFE179B3D}.Debug|x64.ActiveCfg = Debug|Any CPU
		{6C556723-B1E4-4A51-93A7-A49BFE179B3D}.Debug|x86.ActiveCfg = Debug|Any CPU
		{6C556723-B1E4-4A51-93A7-A49BFE179B3D}.Release|Any CPU.ActiveCfg = Release|Any CPU
		{6C556723-B1E4-4A51-93A7-A49BFE179B3D}.Release|Any CPU.Build.0 = Release|Any CPU
		{6C556723-B1E4-4A51-93A7-A49BFE179B3D}.Release|Mixed Platforms.ActiveCfg = Release|Any CPU
		{6C556723-B1E4-4A51-93A7-A49BFE179B3D}.Release|Mixed Platforms.Build.0 = Release|Any CPU
		{6C556723-B1E4-4A51-93A7-A49BFE179B3D}.Release|Win32.ActiveCfg = Release|Any CPU
		{6C556723-B1E4-4A51-93A7-A49BFE179B3D}.Release|x64.ActiveCfg = Release|Any CPU
		{6C556723-B1E4-4A51-93A7-A49BFE179B3D}.Release|x86.ActiveCfg = Release|Any CPU
		{4A09CCBA-9754-4841-8D17-7F3C2B471B98}.Debug|Any CPU.ActiveCfg = Debug|Any CPU
		{4A09CCBA-9754-4841-8D17-7F3C2B471B98}.Debug|Any CPU.Build.0 = Debug|Any CPU
		{4A09CCBA-9754-4841-8D17-7F3C2B471B98}.Debug|Mixed Platforms.ActiveCfg = Debug|Any CPU
		{4A09CCBA-9754-4841-8D17-7F3C2B471B98}.Debug|Mixed Platforms.Build.0 = Debug|Any CPU
		{4A09CCBA-9754-4841-8D17-7F3C2B471B98}.Debug|Win32.ActiveCfg = Debug|Any CPU
		{4A09CCBA-9754-4841-8D17-7F3C2B471B98}.Debug|x64.ActiveCfg = Debug|Any CPU
		{4A09CCBA-9754-4841-8D17-7F3C2B471B98}.Debug|x86.ActiveCfg = Debug|Any CPU
		{4A09CCBA-9754-4841-8D17-7F3C2B471B98}.Release|Any CPU.ActiveCfg = Release|Any CPU
		{4A09CCBA-9754-4841-8D17-7F3C2B471B98}.Release|Any CPU.Build.0 = Release|Any CPU
		{4A09CCBA-9754-4841-8D17-7F3C2B471B98}.Release|Mixed Platforms.ActiveCfg = Release|Any CPU
		{4A09CCBA-9754-4841-8D17-7F3C2B471B98}.Release|Mixed Platforms.Build.0 = Release|Any CPU
		{4A09CCBA-9754-4841-8D17-7F3C2B471B98}.Release|Win32.ActiveCfg = Release|Any CPU
		{4A09CCBA-9754-4841-8D17-7F3C2B471B98}.Release|x64.ActiveCfg = Release|Any CPU
		{4A09CCBA-9754-4841-8D17-7F3C2B471B98}.Release|x86.ActiveCfg = Release|Any CPU
	EndGlobalSection
	GlobalSection(SolutionProperties) = preSolution
		HideSolutionNode = FALSE
	EndGlobalSection
	GlobalSection(NestedProjects) = preSolution
		{4F2A0218-0AF4-4EBA-BC2D-E982DBE37E66} = {9EDBAA9B-7C45-493F-9147-6A40D35DC3C2}
		{F9F697BB-3589-4FED-8E15-F15D16D56C91} = {9EDBAA9B-7C45-493F-9147-6A40D35DC3C2}
		{87DAEF88-428E-4BCA-8DFC-56889C7C30A7} = {9EDBAA9B-7C45-493F-9147-6A40D35DC3C2}
		{F8B3CD45-0712-4388-B576-EBA5267E636C} = {9EDBAA9B-7C45-493F-9147-6A40D35DC3C2}
		{8C60A6A0-DF52-436F-AC6C-4F113B0DBF32} = {9EDBAA9B-7C45-493F-9147-6A40D35DC3C2}
		{6C556723-B1E4-4A51-93A7-A49BFE179B3D} = {9EDBAA9B-7C45-493F-9147-6A40D35DC3C2}
		{0A43D202-F903-44C8-83E3-03A3928E9480} = {505C4DBB-763D-488B-9CA7-BED1AC34966C}
	EndGlobalSection
	GlobalSection(SubversionScc) = preSolution
		Svn-Managed = True
		Manager = AnkhSVN - Subversion Support for Visual Studio
	EndGlobalSection
EndGlobal
