
Microsoft Visual Studio Solution File, Format Version 12.00
# Visual Studio 2012
Project("{2150E333-8FDC-42A3-9474-1A3956D46DE8}") = "Plugins", "Plugins", "{9EDBAA9B-7C45-493F-9147-6A40D35DC3C2}"
EndProject
Project("{2150E333-8FDC-42A3-9474-1A3956D46DE8}") = "OpenZWave", "OpenZWave", "{3AAE0676-2B35-41F7-A281-D3E78A973DF3}"
EndProject
Project("{FAE04EC0-301F-11D3-BF4B-00C04F79EFBC}") = "OpenZWavePlugin", "Plugins\OpenZWavePlugin\OpenZWavePlugin.csproj", "{0A43D202-F903-44C8-83E3-03A3928E9480}"
EndProject
Project("{2150E333-8FDC-42A3-9474-1A3956D46DE8}") = "Speech", "Speech", "{5B738473-D278-485C-946E-E71501039D7D}"
EndProject
Project("{FAE04EC0-301F-11D3-BF4B-00C04F79EFBC}") = "SpeechPlugin", "Plugins\SpeechPlugin\SpeechPlugin.csproj", "{4F2A0218-0AF4-4EBA-BC2D-E982DBE37E66}"
EndProject
Project("{FAE04EC0-301F-11D3-BF4B-00C04F79EFBC}") = "LightSwitchPlugin", "Plugins\LightSwitchPlugin\LightSwitchPlugin.csproj", "{F9F697BB-3589-4FED-8E15-F15D16D56C91}"
EndProject
Project("{2150E333-8FDC-42A3-9474-1A3956D46DE8}") = "LightSwitch", "LightSwitch", "{5F568E79-EF30-4D0F-B1CB-95FE61C5DED6}"
EndProject
Project("{FAE04EC0-301F-11D3-BF4B-00C04F79EFBC}") = "JabberPlugin", "Plugins\JabberPlugin\JabberPlugin.csproj", "{49BAB46F-24D9-498A-BDAC-D74FFE4108A1}"
EndProject
Project("{2150E333-8FDC-42A3-9474-1A3956D46DE8}") = "Jabber", "Jabber", "{9F1E6F69-B67A-409C-82B5-FEBBE21D290B}"
EndProject
Project("{FAE04EC0-301F-11D3-BF4B-00C04F79EFBC}") = "NOAAPlugin", "Plugins\NOAAPlugin\NOAAPlugin.csproj", "{87DAEF88-428E-4BCA-8DFC-56889C7C30A7}"
EndProject
Project("{2150E333-8FDC-42A3-9474-1A3956D46DE8}") = "NOAA", "NOAA", "{F17F75EA-E270-422E-9740-B06D8EBD5952}"
EndProject
Project("{2150E333-8FDC-42A3-9474-1A3956D46DE8}") = "Growl", "Growl", "{28EFC403-758C-4A94-8461-7E858AF82D0D}"
EndProject
Project("{FAE04EC0-301F-11D3-BF4B-00C04F79EFBC}") = "GrowlPlugin", "Plugins\GrowlPlugin\GrowlPlugin.csproj", "{34167BBC-D385-422A-A10C-692810C7256F}"
EndProject
Project("{2150E333-8FDC-42A3-9474-1A3956D46DE8}") = "HttpAPI", "HttpAPI", "{71CC04C9-7405-4E53-BD65-34AE5457C381}"
EndProject
Project("{FAE04EC0-301F-11D3-BF4B-00C04F79EFBC}") = "HttpAPI", "Plugins\HttpAPI\HttpAPI.csproj", "{F8B3CD45-0712-4388-B576-EBA5267E636C}"
EndProject
Project("{2150E333-8FDC-42A3-9474-1A3956D46DE8}") = "Googlewiki", "Googlewiki", "{70C1BD75-B8D8-4296-99BC-12E162C43D04}"
	ProjectSection(SolutionItems) = preProject
		..\wiki\Requirements1x.wiki = ..\wiki\Requirements1x.wiki
		..\wiki\Requirements2x.wiki = ..\wiki\Requirements2x.wiki
		..\wiki\Requirements3x.wiki = ..\wiki\Requirements3x.wiki
		..\wiki\ScreenShot20.wiki = ..\wiki\ScreenShot20.wiki
		..\wiki\ScreenShots1420.wiki = ..\wiki\ScreenShots1420.wiki
		..\wiki\ScreenShotsv1300.wiki = ..\wiki\ScreenShotsv1300.wiki
		..\wiki\ScreenShotsv1400.wiki = ..\wiki\ScreenShotsv1400.wiki
		..\wiki\v2ToDo.wiki = ..\wiki\v2ToDo.wiki
		..\wiki\XML_Socket_Interface.wiki = ..\wiki\XML_Socket_Interface.wiki
		..\wiki\zVirtualScenes2xReleaseNotes.wiki = ..\wiki\zVirtualScenes2xReleaseNotes.wiki
		..\wiki\zVirtualScenes3xReleaseNotes.wiki = ..\wiki\zVirtualScenes3xReleaseNotes.wiki
		..\wiki\ZVS_Plugins.wiki = ..\wiki\ZVS_Plugins.wiki
	EndProjectSection
EndProject
Project("{2150E333-8FDC-42A3-9474-1A3956D46DE8}") = "ThinkStickHID", "ThinkStickHID", "{94ACFD09-59EC-48BF-AB00-6CB8779E86A3}"
EndProject
Project("{FAE04EC0-301F-11D3-BF4B-00C04F79EFBC}") = "ThinkStickHIDPlugin", "Plugins\ThinkStickHIDPlugin\ThinkStickHIDPlugin.csproj", "{6F2ADADD-B52E-43CD-BE36-E7296A7A9191}"
EndProject
Project("{FAE04EC0-301F-11D3-BF4B-00C04F79EFBC}") = "zvs.Entities", "zvs.Entities\zvs.Entities.csproj", "{E1758D0B-5A3A-4A1B-B5DE-ACD1302F23A7}"
EndProject
Project("{FAE04EC0-301F-11D3-BF4B-00C04F79EFBC}") = "zvs.WPF", "zvs.WPF\zvs.WPF.csproj", "{CC1028B3-3975-4BA4-BF79-42043BCADBFE}"
EndProject
Project("{FAE04EC0-301F-11D3-BF4B-00C04F79EFBC}") = "zvs.Processor", "zvs.Processor\zvs.Processor.csproj", "{10CD1DE3-4E83-4BB0-A7CA-C774C298BE27}"
EndProject
Project("{2150E333-8FDC-42A3-9474-1A3956D46DE8}") = "WebAPI", "WebAPI", "{3A1676B4-23CD-4642-91D2-BCD3EAF3A279}"
EndProject
Project("{FAE04EC0-301F-11D3-BF4B-00C04F79EFBC}") = "WebAPI Plugin", "Plugins\WebAPI Plugin\WebAPI Plugin.csproj", "{8C60A6A0-DF52-436F-AC6C-4F113B0DBF32}"
EndProject
Project("{2150E333-8FDC-42A3-9474-1A3956D46DE8}") = "ThingSpeak", "ThingSpeak", "{70172C5C-07A6-4CE1-87AD-FB83F461C763}"
EndProject
Project("{FAE04EC0-301F-11D3-BF4B-00C04F79EFBC}") = "ThingSpeak", "Plugins\ThingSpeak\ThingSpeak.csproj", "{3E17D76A-0043-446C-BF43-544B284228A1}"
EndProject
Global
	GlobalSection(SubversionScc) = preSolution
		Svn-Managed = True
		Manager = AnkhSVN - Subversion Support for Visual Studio
	EndGlobalSection
	GlobalSection(SolutionConfigurationPlatforms) = preSolution
		Debug|Any CPU = Debug|Any CPU
		Debug|Mixed Platforms = Debug|Mixed Platforms
		Debug|Win32 = Debug|Win32
		Debug|x64 = Debug|x64
		Debug|x86 = Debug|x86
		Release|Any CPU = Release|Any CPU
		Release|Mixed Platforms = Release|Mixed Platforms
		Release|Win32 = Release|Win32
		Release|x64 = Release|x64
		Release|x86 = Release|x86
	EndGlobalSection
	GlobalSection(ProjectConfigurationPlatforms) = postSolution
		{0A43D202-F903-44C8-83E3-03A3928E9480}.Debug|Any CPU.ActiveCfg = Debug|Any CPU
		{0A43D202-F903-44C8-83E3-03A3928E9480}.Debug|Any CPU.Build.0 = Debug|Any CPU
		{0A43D202-F903-44C8-83E3-03A3928E9480}.Debug|Mixed Platforms.ActiveCfg = Debug|Any CPU
		{0A43D202-F903-44C8-83E3-03A3928E9480}.Debug|Mixed Platforms.Build.0 = Debug|Any CPU
		{0A43D202-F903-44C8-83E3-03A3928E9480}.Debug|Win32.ActiveCfg = Debug|Any CPU
		{0A43D202-F903-44C8-83E3-03A3928E9480}.Debug|x64.ActiveCfg = Debug|Any CPU
		{0A43D202-F903-44C8-83E3-03A3928E9480}.Debug|x86.ActiveCfg = Debug|Any CPU
		{0A43D202-F903-44C8-83E3-03A3928E9480}.Release|Any CPU.ActiveCfg = Release|Any CPU
		{0A43D202-F903-44C8-83E3-03A3928E9480}.Release|Any CPU.Build.0 = Release|Any CPU
		{0A43D202-F903-44C8-83E3-03A3928E9480}.Release|Mixed Platforms.ActiveCfg = Release|Any CPU
		{0A43D202-F903-44C8-83E3-03A3928E9480}.Release|Mixed Platforms.Build.0 = Release|Any CPU
		{0A43D202-F903-44C8-83E3-03A3928E9480}.Release|Win32.ActiveCfg = Release|Any CPU
		{0A43D202-F903-44C8-83E3-03A3928E9480}.Release|x64.ActiveCfg = Release|Any CPU
		{0A43D202-F903-44C8-83E3-03A3928E9480}.Release|x86.ActiveCfg = Release|Any CPU
		{4F2A0218-0AF4-4EBA-BC2D-E982DBE37E66}.Debug|Any CPU.ActiveCfg = Debug|Any CPU
		{4F2A0218-0AF4-4EBA-BC2D-E982DBE37E66}.Debug|Any CPU.Build.0 = Debug|Any CPU
		{4F2A0218-0AF4-4EBA-BC2D-E982DBE37E66}.Debug|Mixed Platforms.ActiveCfg = Debug|Any CPU
		{4F2A0218-0AF4-4EBA-BC2D-E982DBE37E66}.Debug|Mixed Platforms.Build.0 = Debug|Any CPU
		{4F2A0218-0AF4-4EBA-BC2D-E982DBE37E66}.Debug|Win32.ActiveCfg = Debug|Any CPU
		{4F2A0218-0AF4-4EBA-BC2D-E982DBE37E66}.Debug|x64.ActiveCfg = Debug|Any CPU
		{4F2A0218-0AF4-4EBA-BC2D-E982DBE37E66}.Debug|x86.ActiveCfg = Debug|Any CPU
		{4F2A0218-0AF4-4EBA-BC2D-E982DBE37E66}.Release|Any CPU.ActiveCfg = Release|Any CPU
		{4F2A0218-0AF4-4EBA-BC2D-E982DBE37E66}.Release|Any CPU.Build.0 = Release|Any CPU
		{4F2A0218-0AF4-4EBA-BC2D-E982DBE37E66}.Release|Mixed Platforms.ActiveCfg = Release|Any CPU
		{4F2A0218-0AF4-4EBA-BC2D-E982DBE37E66}.Release|Mixed Platforms.Build.0 = Release|Any CPU
		{4F2A0218-0AF4-4EBA-BC2D-E982DBE37E66}.Release|Win32.ActiveCfg = Release|Any CPU
		{4F2A0218-0AF4-4EBA-BC2D-E982DBE37E66}.Release|x64.ActiveCfg = Release|Any CPU
		{4F2A0218-0AF4-4EBA-BC2D-E982DBE37E66}.Release|x86.ActiveCfg = Release|Any CPU
		{F9F697BB-3589-4FED-8E15-F15D16D56C91}.Debug|Any CPU.ActiveCfg = Debug|Any CPU
		{F9F697BB-3589-4FED-8E15-F15D16D56C91}.Debug|Any CPU.Build.0 = Debug|Any CPU
		{F9F697BB-3589-4FED-8E15-F15D16D56C91}.Debug|Mixed Platforms.ActiveCfg = Debug|Any CPU
		{F9F697BB-3589-4FED-8E15-F15D16D56C91}.Debug|Mixed Platforms.Build.0 = Debug|Any CPU
		{F9F697BB-3589-4FED-8E15-F15D16D56C91}.Debug|Win32.ActiveCfg = Debug|Any CPU
		{F9F697BB-3589-4FED-8E15-F15D16D56C91}.Debug|x64.ActiveCfg = Debug|Any CPU
		{F9F697BB-3589-4FED-8E15-F15D16D56C91}.Debug|x86.ActiveCfg = Debug|Any CPU
		{F9F697BB-3589-4FED-8E15-F15D16D56C91}.Release|Any CPU.ActiveCfg = Release|Any CPU
		{F9F697BB-3589-4FED-8E15-F15D16D56C91}.Release|Any CPU.Build.0 = Release|Any CPU
		{F9F697BB-3589-4FED-8E15-F15D16D56C91}.Release|Mixed Platforms.ActiveCfg = Release|Any CPU
		{F9F697BB-3589-4FED-8E15-F15D16D56C91}.Release|Mixed Platforms.Build.0 = Release|Any CPU
		{F9F697BB-3589-4FED-8E15-F15D16D56C91}.Release|Win32.ActiveCfg = Release|Any CPU
		{F9F697BB-3589-4FED-8E15-F15D16D56C91}.Release|x64.ActiveCfg = Release|Any CPU
		{F9F697BB-3589-4FED-8E15-F15D16D56C91}.Release|x86.ActiveCfg = Release|Any CPU
		{49BAB46F-24D9-498A-BDAC-D74FFE4108A1}.Debug|Any CPU.ActiveCfg = Debug|Any CPU
		{49BAB46F-24D9-498A-BDAC-D74FFE4108A1}.Debug|Any CPU.Build.0 = Debug|Any CPU
		{49BAB46F-24D9-498A-BDAC-D74FFE4108A1}.Debug|Mixed Platforms.ActiveCfg = Debug|Any CPU
		{49BAB46F-24D9-498A-BDAC-D74FFE4108A1}.Debug|Mixed Platforms.Build.0 = Debug|Any CPU
		{49BAB46F-24D9-498A-BDAC-D74FFE4108A1}.Debug|Win32.ActiveCfg = Debug|Any CPU
		{49BAB46F-24D9-498A-BDAC-D74FFE4108A1}.Debug|x64.ActiveCfg = Debug|Any CPU
		{49BAB46F-24D9-498A-BDAC-D74FFE4108A1}.Debug|x86.ActiveCfg = Debug|Any CPU
		{49BAB46F-24D9-498A-BDAC-D74FFE4108A1}.Release|Any CPU.ActiveCfg = Release|Any CPU
		{49BAB46F-24D9-498A-BDAC-D74FFE4108A1}.Release|Any CPU.Build.0 = Release|Any CPU
		{49BAB46F-24D9-498A-BDAC-D74FFE4108A1}.Release|Mixed Platforms.ActiveCfg = Release|Any CPU
		{49BAB46F-24D9-498A-BDAC-D74FFE4108A1}.Release|Mixed Platforms.Build.0 = Release|Any CPU
		{49BAB46F-24D9-498A-BDAC-D74FFE4108A1}.Release|Win32.ActiveCfg = Release|Any CPU
		{49BAB46F-24D9-498A-BDAC-D74FFE4108A1}.Release|x64.ActiveCfg = Release|Any CPU
		{49BAB46F-24D9-498A-BDAC-D74FFE4108A1}.Release|x86.ActiveCfg = Release|Any CPU
		{87DAEF88-428E-4BCA-8DFC-56889C7C30A7}.Debug|Any CPU.ActiveCfg = Debug|Any CPU
		{87DAEF88-428E-4BCA-8DFC-56889C7C30A7}.Debug|Any CPU.Build.0 = Debug|Any CPU
		{87DAEF88-428E-4BCA-8DFC-56889C7C30A7}.Debug|Mixed Platforms.ActiveCfg = Debug|Any CPU
		{87DAEF88-428E-4BCA-8DFC-56889C7C30A7}.Debug|Mixed Platforms.Build.0 = Debug|Any CPU
		{87DAEF88-428E-4BCA-8DFC-56889C7C30A7}.Debug|Win32.ActiveCfg = Debug|Any CPU
		{87DAEF88-428E-4BCA-8DFC-56889C7C30A7}.Debug|x64.ActiveCfg = Debug|Any CPU
		{87DAEF88-428E-4BCA-8DFC-56889C7C30A7}.Debug|x86.ActiveCfg = Debug|Any CPU
		{87DAEF88-428E-4BCA-8DFC-56889C7C30A7}.Release|Any CPU.ActiveCfg = Release|Any CPU
		{87DAEF88-428E-4BCA-8DFC-56889C7C30A7}.Release|Any CPU.Build.0 = Release|Any CPU
		{87DAEF88-428E-4BCA-8DFC-56889C7C30A7}.Release|Mixed Platforms.ActiveCfg = Release|Any CPU
		{87DAEF88-428E-4BCA-8DFC-56889C7C30A7}.Release|Mixed Platforms.Build.0 = Release|Any CPU
		{87DAEF88-428E-4BCA-8DFC-56889C7C30A7}.Release|Win32.ActiveCfg = Release|Any CPU
		{87DAEF88-428E-4BCA-8DFC-56889C7C30A7}.Release|x64.ActiveCfg = Release|Any CPU
		{87DAEF88-428E-4BCA-8DFC-56889C7C30A7}.Release|x86.ActiveCfg = Release|Any CPU
		{34167BBC-D385-422A-A10C-692810C7256F}.Debug|Any CPU.ActiveCfg = Debug|Any CPU
		{34167BBC-D385-422A-A10C-692810C7256F}.Debug|Any CPU.Build.0 = Debug|Any CPU
		{34167BBC-D385-422A-A10C-692810C7256F}.Debug|Mixed Platforms.ActiveCfg = Debug|Any CPU
		{34167BBC-D385-422A-A10C-692810C7256F}.Debug|Mixed Platforms.Build.0 = Debug|Any CPU
		{34167BBC-D385-422A-A10C-692810C7256F}.Debug|Win32.ActiveCfg = Debug|Any CPU
		{34167BBC-D385-422A-A10C-692810C7256F}.Debug|x64.ActiveCfg = Debug|Any CPU
		{34167BBC-D385-422A-A10C-692810C7256F}.Debug|x86.ActiveCfg = Debug|Any CPU
		{34167BBC-D385-422A-A10C-692810C7256F}.Release|Any CPU.ActiveCfg = Release|Any CPU
		{34167BBC-D385-422A-A10C-692810C7256F}.Release|Any CPU.Build.0 = Release|Any CPU
		{34167BBC-D385-422A-A10C-692810C7256F}.Release|Mixed Platforms.ActiveCfg = Release|Any CPU
		{34167BBC-D385-422A-A10C-692810C7256F}.Release|Mixed Platforms.Build.0 = Release|Any CPU
		{34167BBC-D385-422A-A10C-692810C7256F}.Release|Win32.ActiveCfg = Release|Any CPU
		{34167BBC-D385-422A-A10C-692810C7256F}.Release|x64.ActiveCfg = Release|Any CPU
		{34167BBC-D385-422A-A10C-692810C7256F}.Release|x86.ActiveCfg = Release|Any CPU
		{F8B3CD45-0712-4388-B576-EBA5267E636C}.Debug|Any CPU.ActiveCfg = Debug|Any CPU
		{F8B3CD45-0712-4388-B576-EBA5267E636C}.Debug|Any CPU.Build.0 = Debug|Any CPU
		{F8B3CD45-0712-4388-B576-EBA5267E636C}.Debug|Mixed Platforms.ActiveCfg = Debug|Any CPU
		{F8B3CD45-0712-4388-B576-EBA5267E636C}.Debug|Mixed Platforms.Build.0 = Debug|Any CPU
		{F8B3CD45-0712-4388-B576-EBA5267E636C}.Debug|Win32.ActiveCfg = Debug|Any CPU
		{F8B3CD45-0712-4388-B576-EBA5267E636C}.Debug|x64.ActiveCfg = Debug|Any CPU
		{F8B3CD45-0712-4388-B576-EBA5267E636C}.Debug|x86.ActiveCfg = Debug|Any CPU
		{F8B3CD45-0712-4388-B576-EBA5267E636C}.Release|Any CPU.ActiveCfg = Release|Any CPU
		{F8B3CD45-0712-4388-B576-EBA5267E636C}.Release|Any CPU.Build.0 = Release|Any CPU
		{F8B3CD45-0712-4388-B576-EBA5267E636C}.Release|Mixed Platforms.ActiveCfg = Release|Any CPU
		{F8B3CD45-0712-4388-B576-EBA5267E636C}.Release|Mixed Platforms.Build.0 = Release|Any CPU
		{F8B3CD45-0712-4388-B576-EBA5267E636C}.Release|Win32.ActiveCfg = Release|Any CPU
		{F8B3CD45-0712-4388-B576-EBA5267E636C}.Release|x64.ActiveCfg = Release|Any CPU
		{F8B3CD45-0712-4388-B576-EBA5267E636C}.Release|x86.ActiveCfg = Release|Any CPU
		{6F2ADADD-B52E-43CD-BE36-E7296A7A9191}.Debug|Any CPU.ActiveCfg = Debug|Any CPU
		{6F2ADADD-B52E-43CD-BE36-E7296A7A9191}.Debug|Any CPU.Build.0 = Debug|Any CPU
		{6F2ADADD-B52E-43CD-BE36-E7296A7A9191}.Debug|Mixed Platforms.ActiveCfg = Debug|Any CPU
		{6F2ADADD-B52E-43CD-BE36-E7296A7A9191}.Debug|Mixed Platforms.Build.0 = Debug|Any CPU
		{6F2ADADD-B52E-43CD-BE36-E7296A7A9191}.Debug|Win32.ActiveCfg = Debug|Any CPU
		{6F2ADADD-B52E-43CD-BE36-E7296A7A9191}.Debug|x64.ActiveCfg = Debug|Any CPU
		{6F2ADADD-B52E-43CD-BE36-E7296A7A9191}.Debug|x86.ActiveCfg = Debug|Any CPU
		{6F2ADADD-B52E-43CD-BE36-E7296A7A9191}.Release|Any CPU.ActiveCfg = Release|Any CPU
		{6F2ADADD-B52E-43CD-BE36-E7296A7A9191}.Release|Any CPU.Build.0 = Release|Any CPU
		{6F2ADADD-B52E-43CD-BE36-E7296A7A9191}.Release|Mixed Platforms.ActiveCfg = Release|Any CPU
		{6F2ADADD-B52E-43CD-BE36-E7296A7A9191}.Release|Mixed Platforms.Build.0 = Release|Any CPU
		{6F2ADADD-B52E-43CD-BE36-E7296A7A9191}.Release|Win32.ActiveCfg = Release|Any CPU
		{6F2ADADD-B52E-43CD-BE36-E7296A7A9191}.Release|x64.ActiveCfg = Release|Any CPU
		{6F2ADADD-B52E-43CD-BE36-E7296A7A9191}.Release|x86.ActiveCfg = Release|Any CPU
		{E1758D0B-5A3A-4A1B-B5DE-ACD1302F23A7}.Debug|Any CPU.ActiveCfg = Debug|Any CPU
		{E1758D0B-5A3A-4A1B-B5DE-ACD1302F23A7}.Debug|Any CPU.Build.0 = Debug|Any CPU
		{E1758D0B-5A3A-4A1B-B5DE-ACD1302F23A7}.Debug|Mixed Platforms.ActiveCfg = Debug|Any CPU
		{E1758D0B-5A3A-4A1B-B5DE-ACD1302F23A7}.Debug|Mixed Platforms.Build.0 = Debug|Any CPU
		{E1758D0B-5A3A-4A1B-B5DE-ACD1302F23A7}.Debug|Win32.ActiveCfg = Debug|Any CPU
		{E1758D0B-5A3A-4A1B-B5DE-ACD1302F23A7}.Debug|x64.ActiveCfg = Debug|Any CPU
		{E1758D0B-5A3A-4A1B-B5DE-ACD1302F23A7}.Debug|x86.ActiveCfg = Debug|Any CPU
		{E1758D0B-5A3A-4A1B-B5DE-ACD1302F23A7}.Release|Any CPU.ActiveCfg = Release|Any CPU
		{E1758D0B-5A3A-4A1B-B5DE-ACD1302F23A7}.Release|Any CPU.Build.0 = Release|Any CPU
		{E1758D0B-5A3A-4A1B-B5DE-ACD1302F23A7}.Release|Mixed Platforms.ActiveCfg = Release|Any CPU
		{E1758D0B-5A3A-4A1B-B5DE-ACD1302F23A7}.Release|Mixed Platforms.Build.0 = Release|Any CPU
		{E1758D0B-5A3A-4A1B-B5DE-ACD1302F23A7}.Release|Win32.ActiveCfg = Release|Any CPU
		{E1758D0B-5A3A-4A1B-B5DE-ACD1302F23A7}.Release|x64.ActiveCfg = Release|Any CPU
		{E1758D0B-5A3A-4A1B-B5DE-ACD1302F23A7}.Release|x86.ActiveCfg = Release|Any CPU
		{CC1028B3-3975-4BA4-BF79-42043BCADBFE}.Debug|Any CPU.ActiveCfg = Debug|x86
		{CC1028B3-3975-4BA4-BF79-42043BCADBFE}.Debug|Mixed Platforms.ActiveCfg = Debug|x86
		{CC1028B3-3975-4BA4-BF79-42043BCADBFE}.Debug|Mixed Platforms.Build.0 = Debug|x86
		{CC1028B3-3975-4BA4-BF79-42043BCADBFE}.Debug|Win32.ActiveCfg = Debug|x86
		{CC1028B3-3975-4BA4-BF79-42043BCADBFE}.Debug|Win32.Build.0 = Debug|x86
		{CC1028B3-3975-4BA4-BF79-42043BCADBFE}.Debug|x64.ActiveCfg = Debug|x86
		{CC1028B3-3975-4BA4-BF79-42043BCADBFE}.Debug|x86.ActiveCfg = Debug|x86
		{CC1028B3-3975-4BA4-BF79-42043BCADBFE}.Debug|x86.Build.0 = Debug|x86
		{CC1028B3-3975-4BA4-BF79-42043BCADBFE}.Release|Any CPU.ActiveCfg = Release|x86
		{CC1028B3-3975-4BA4-BF79-42043BCADBFE}.Release|Mixed Platforms.ActiveCfg = Release|x86
		{CC1028B3-3975-4BA4-BF79-42043BCADBFE}.Release|Mixed Platforms.Build.0 = Release|x86
		{CC1028B3-3975-4BA4-BF79-42043BCADBFE}.Release|Win32.ActiveCfg = Release|x86
		{CC1028B3-3975-4BA4-BF79-42043BCADBFE}.Release|Win32.Build.0 = Release|x86
		{CC1028B3-3975-4BA4-BF79-42043BCADBFE}.Release|x64.ActiveCfg = Release|x86
		{CC1028B3-3975-4BA4-BF79-42043BCADBFE}.Release|x86.ActiveCfg = Release|x86
		{CC1028B3-3975-4BA4-BF79-42043BCADBFE}.Release|x86.Build.0 = Release|x86
		{10CD1DE3-4E83-4BB0-A7CA-C774C298BE27}.Debug|Any CPU.ActiveCfg = Debug|Any CPU
		{10CD1DE3-4E83-4BB0-A7CA-C774C298BE27}.Debug|Any CPU.Build.0 = Debug|Any CPU
		{10CD1DE3-4E83-4BB0-A7CA-C774C298BE27}.Debug|Mixed Platforms.ActiveCfg = Debug|Any CPU
		{10CD1DE3-4E83-4BB0-A7CA-C774C298BE27}.Debug|Mixed Platforms.Build.0 = Debug|Any CPU
		{10CD1DE3-4E83-4BB0-A7CA-C774C298BE27}.Debug|Win32.ActiveCfg = Debug|Any CPU
		{10CD1DE3-4E83-4BB0-A7CA-C774C298BE27}.Debug|x64.ActiveCfg = Debug|Any CPU
		{10CD1DE3-4E83-4BB0-A7CA-C774C298BE27}.Debug|x86.ActiveCfg = Debug|Any CPU
		{10CD1DE3-4E83-4BB0-A7CA-C774C298BE27}.Release|Any CPU.ActiveCfg = Release|Any CPU
		{10CD1DE3-4E83-4BB0-A7CA-C774C298BE27}.Release|Any CPU.Build.0 = Release|Any CPU
		{10CD1DE3-4E83-4BB0-A7CA-C774C298BE27}.Release|Mixed Platforms.ActiveCfg = Release|Any CPU
		{10CD1DE3-4E83-4BB0-A7CA-C774C298BE27}.Release|Mixed Platforms.Build.0 = Release|Any CPU
		{10CD1DE3-4E83-4BB0-A7CA-C774C298BE27}.Release|Win32.ActiveCfg = Release|Any CPU
		{10CD1DE3-4E83-4BB0-A7CA-C774C298BE27}.Release|x64.ActiveCfg = Release|Any CPU
		{10CD1DE3-4E83-4BB0-A7CA-C774C298BE27}.Release|x86.ActiveCfg = Release|Any CPU
		{8C60A6A0-DF52-436F-AC6C-4F113B0DBF32}.Debug|Any CPU.ActiveCfg = Debug|Any CPU
		{8C60A6A0-DF52-436F-AC6C-4F113B0DBF32}.Debug|Any CPU.Build.0 = Debug|Any CPU
		{8C60A6A0-DF52-436F-AC6C-4F113B0DBF32}.Debug|Mixed Platforms.ActiveCfg = Debug|Any CPU
		{8C60A6A0-DF52-436F-AC6C-4F113B0DBF32}.Debug|Mixed Platforms.Build.0 = Debug|Any CPU
		{8C60A6A0-DF52-436F-AC6C-4F113B0DBF32}.Debug|Win32.ActiveCfg = Debug|Any CPU
		{8C60A6A0-DF52-436F-AC6C-4F113B0DBF32}.Debug|x64.ActiveCfg = Debug|Any CPU
		{8C60A6A0-DF52-436F-AC6C-4F113B0DBF32}.Debug|x86.ActiveCfg = Debug|Any CPU
		{8C60A6A0-DF52-436F-AC6C-4F113B0DBF32}.Release|Any CPU.ActiveCfg = Release|Any CPU
		{8C60A6A0-DF52-436F-AC6C-4F113B0DBF32}.Release|Any CPU.Build.0 = Release|Any CPU
		{8C60A6A0-DF52-436F-AC6C-4F113B0DBF32}.Release|Mixed Platforms.ActiveCfg = Release|Any CPU
		{8C60A6A0-DF52-436F-AC6C-4F113B0DBF32}.Release|Mixed Platforms.Build.0 = Release|Any CPU
		{8C60A6A0-DF52-436F-AC6C-4F113B0DBF32}.Release|Win32.ActiveCfg = Release|Any CPU
		{8C60A6A0-DF52-436F-AC6C-4F113B0DBF32}.Release|x64.ActiveCfg = Release|Any CPU
		{8C60A6A0-DF52-436F-AC6C-4F113B0DBF32}.Release|x86.ActiveCfg = Release|Any CPU
		{3E17D76A-0043-446C-BF43-544B284228A1}.Debug|Any CPU.ActiveCfg = Debug|Any CPU
		{3E17D76A-0043-446C-BF43-544B284228A1}.Debug|Any CPU.Build.0 = Debug|Any CPU
		{3E17D76A-0043-446C-BF43-544B284228A1}.Debug|Mixed Platforms.ActiveCfg = Debug|Any CPU
		{3E17D76A-0043-446C-BF43-544B284228A1}.Debug|Mixed Platforms.Build.0 = Debug|Any CPU
		{3E17D76A-0043-446C-BF43-544B284228A1}.Debug|Win32.ActiveCfg = Debug|Any CPU
		{3E17D76A-0043-446C-BF43-544B284228A1}.Debug|x64.ActiveCfg = Debug|Any CPU
		{3E17D76A-0043-446C-BF43-544B284228A1}.Debug|x86.ActiveCfg = Debug|Any CPU
		{3E17D76A-0043-446C-BF43-544B284228A1}.Release|Any CPU.ActiveCfg = Release|Any CPU
		{3E17D76A-0043-446C-BF43-544B284228A1}.Release|Any CPU.Build.0 = Release|Any CPU
		{3E17D76A-0043-446C-BF43-544B284228A1}.Release|Mixed Platforms.ActiveCfg = Release|Any CPU
		{3E17D76A-0043-446C-BF43-544B284228A1}.Release|Mixed Platforms.Build.0 = Release|Any CPU
		{3E17D76A-0043-446C-BF43-544B284228A1}.Release|Win32.ActiveCfg = Release|Any CPU
		{3E17D76A-0043-446C-BF43-544B284228A1}.Release|x64.ActiveCfg = Release|Any CPU
		{3E17D76A-0043-446C-BF43-544B284228A1}.Release|x86.ActiveCfg = Release|Any CPU
	EndGlobalSection
	GlobalSection(SolutionProperties) = preSolution
		HideSolutionNode = FALSE
	EndGlobalSection
	GlobalSection(NestedProjects) = preSolution
		{3AAE0676-2B35-41F7-A281-D3E78A973DF3} = {9EDBAA9B-7C45-493F-9147-6A40D35DC3C2}
		{5B738473-D278-485C-946E-E71501039D7D} = {9EDBAA9B-7C45-493F-9147-6A40D35DC3C2}
		{5F568E79-EF30-4D0F-B1CB-95FE61C5DED6} = {9EDBAA9B-7C45-493F-9147-6A40D35DC3C2}
		{9F1E6F69-B67A-409C-82B5-FEBBE21D290B} = {9EDBAA9B-7C45-493F-9147-6A40D35DC3C2}
		{F17F75EA-E270-422E-9740-B06D8EBD5952} = {9EDBAA9B-7C45-493F-9147-6A40D35DC3C2}
		{28EFC403-758C-4A94-8461-7E858AF82D0D} = {9EDBAA9B-7C45-493F-9147-6A40D35DC3C2}
		{71CC04C9-7405-4E53-BD65-34AE5457C381} = {9EDBAA9B-7C45-493F-9147-6A40D35DC3C2}
		{94ACFD09-59EC-48BF-AB00-6CB8779E86A3} = {9EDBAA9B-7C45-493F-9147-6A40D35DC3C2}
		{3A1676B4-23CD-4642-91D2-BCD3EAF3A279} = {9EDBAA9B-7C45-493F-9147-6A40D35DC3C2}
		{70172C5C-07A6-4CE1-87AD-FB83F461C763} = {9EDBAA9B-7C45-493F-9147-6A40D35DC3C2}
		{0A43D202-F903-44C8-83E3-03A3928E9480} = {3AAE0676-2B35-41F7-A281-D3E78A973DF3}
		{4F2A0218-0AF4-4EBA-BC2D-E982DBE37E66} = {5B738473-D278-485C-946E-E71501039D7D}
		{F9F697BB-3589-4FED-8E15-F15D16D56C91} = {5F568E79-EF30-4D0F-B1CB-95FE61C5DED6}
		{49BAB46F-24D9-498A-BDAC-D74FFE4108A1} = {9F1E6F69-B67A-409C-82B5-FEBBE21D290B}
		{87DAEF88-428E-4BCA-8DFC-56889C7C30A7} = {F17F75EA-E270-422E-9740-B06D8EBD5952}
		{34167BBC-D385-422A-A10C-692810C7256F} = {28EFC403-758C-4A94-8461-7E858AF82D0D}
		{F8B3CD45-0712-4388-B576-EBA5267E636C} = {71CC04C9-7405-4E53-BD65-34AE5457C381}
		{6F2ADADD-B52E-43CD-BE36-E7296A7A9191} = {94ACFD09-59EC-48BF-AB00-6CB8779E86A3}
		{8C60A6A0-DF52-436F-AC6C-4F113B0DBF32} = {3A1676B4-23CD-4642-91D2-BCD3EAF3A279}
		{3E17D76A-0043-446C-BF43-544B284228A1} = {70172C5C-07A6-4CE1-87AD-FB83F461C763}
	EndGlobalSection
EndGlobal
