
Microsoft Visual Studio Solution File, Format Version 12.00
# Visual Studio 2012
Project("{E24C65DC-7377-472B-9ABA-BC803B73C61A}") = "zvsMobile", "Plugins\HttpAPI\zvsMobile\", "{70D227B3-E2F1-4CAC-ABDD-DD711F4DFFC6}"
	ProjectSection(WebsiteProperties) = preProject
		Debug.AspNetCompiler.Debug = "True"
		Debug.AspNetCompiler.FixedNames = "false"
		Debug.AspNetCompiler.ForceOverwrite = "true"
		Debug.AspNetCompiler.PhysicalPath = "Plugins\HttpAPI\zvsMobile\"
		Debug.AspNetCompiler.TargetPath = "PrecompiledWeb\zvsMobile\"
		Debug.AspNetCompiler.Updateable = "true"
		Debug.AspNetCompiler.VirtualPath = "/zvsMobile"
		Release.AspNetCompiler.Debug = "False"
		Release.AspNetCompiler.FixedNames = "false"
		Release.AspNetCompiler.ForceOverwrite = "true"
		Release.AspNetCompiler.PhysicalPath = "Plugins\HttpAPI\zvsMobile\"
		Release.AspNetCompiler.TargetPath = "PrecompiledWeb\zvsMobile\"
		Release.AspNetCompiler.Updateable = "true"
		Release.AspNetCompiler.VirtualPath = "/zvsMobile"
		TargetFrameworkMoniker = ".NETFramework,Version%3Dv4.0"
		VWDPort = "3171"
	EndProjectSection
EndProject
Global
	GlobalSection(SolutionConfigurationPlatforms) = preSolution
		Debug|Any CPU = Debug|Any CPU
	EndGlobalSection
	GlobalSection(ProjectConfigurationPlatforms) = postSolution
		{70D227B3-E2F1-4CAC-ABDD-DD711F4DFFC6}.Debug|Any CPU.ActiveCfg = Debug|Any CPU
		{70D227B3-E2F1-4CAC-ABDD-DD711F4DFFC6}.Debug|Any CPU.Build.0 = Debug|Any CPU
	EndGlobalSection
	GlobalSection(SolutionProperties) = preSolution
		HideSolutionNode = FALSE
	EndGlobalSection
EndGlobal
